// !$*UTF8*$!
{
	archiveVersion = 1;
	classes = {
	};
	objectVersion = 46;
	objects = {

/* Begin PBXBuildFile section */
		EAB003E61A64939F00A83BDC /* Naught.h in Headers */ = {isa = PBXBuildFile; fileRef = EAB003E51A64939F00A83BDC /* Naught.h */; settings = {ATTRIBUTES = (Public, ); }; };
		EAB003EC1A64939F00A83BDC /* Naught.framework in Frameworks */ = {isa = PBXBuildFile; fileRef = EAB003E01A64939F00A83BDC /* Naught.framework */; };
		EAB003F31A64939F00A83BDC /* NaughtTests.swift in Sources */ = {isa = PBXBuildFile; fileRef = EAB003F21A64939F00A83BDC /* NaughtTests.swift */; };
		EAB0042A1A64959900A83BDC /* Naught.framework in Frameworks */ = {isa = PBXBuildFile; fileRef = EAB0041F1A64959900A83BDC /* Naught.framework */; };
		EAB0043B1A64997000A83BDC /* naught.swift in Sources */ = {isa = PBXBuildFile; fileRef = EAB0043A1A64997000A83BDC /* naught.swift */; };
		EAB004401A649AB200A83BDC /* try.swift in Sources */ = {isa = PBXBuildFile; fileRef = EAB0043F1A649AB200A83BDC /* try.swift */; };
		EAB004411A649ADB00A83BDC /* NaughtTests.swift in Sources */ = {isa = PBXBuildFile; fileRef = EAB003F21A64939F00A83BDC /* NaughtTests.swift */; };
		EAB004421A649AE000A83BDC /* naught.swift in Sources */ = {isa = PBXBuildFile; fileRef = EAB0043A1A64997000A83BDC /* naught.swift */; };
		EAB004431A649AE300A83BDC /* try.swift in Sources */ = {isa = PBXBuildFile; fileRef = EAB0043F1A649AB200A83BDC /* try.swift */; };
		EAB004481A649B6700A83BDC /* User.swift in Sources */ = {isa = PBXBuildFile; fileRef = EAB004461A649B4400A83BDC /* User.swift */; };
		EAB004491A649B6800A83BDC /* User.swift in Sources */ = {isa = PBXBuildFile; fileRef = EAB004461A649B4400A83BDC /* User.swift */; };
		EAB0044A1A649B6D00A83BDC /* NaughtModel.swift in Sources */ = {isa = PBXBuildFile; fileRef = EAB004441A649B1C00A83BDC /* NaughtModel.swift */; };
		EAB0044B1A649B6D00A83BDC /* NaughtModel.swift in Sources */ = {isa = PBXBuildFile; fileRef = EAB004441A649B1C00A83BDC /* NaughtModel.swift */; };
		EAB004541A649DCE00A83BDC /* types.json in Resources */ = {isa = PBXBuildFile; fileRef = EAB004521A649DBD00A83BDC /* types.json */; };
		EAB004551A649DCE00A83BDC /* types.json in Resources */ = {isa = PBXBuildFile; fileRef = EAB004521A649DBD00A83BDC /* types.json */; };
		EAB004561A649DD200A83BDC /* JSONFileReader.swift in Sources */ = {isa = PBXBuildFile; fileRef = EAB004501A649D9F00A83BDC /* JSONFileReader.swift */; };
		EAB004571A649DD300A83BDC /* JSONFileReader.swift in Sources */ = {isa = PBXBuildFile; fileRef = EAB004501A649D9F00A83BDC /* JSONFileReader.swift */; };
		EAB004681A64A00900A83BDC /* Argo.framework in Frameworks */ = {isa = PBXBuildFile; fileRef = EAB004671A64A00900A83BDC /* Argo.framework */; };
		EAB0046C1A64A02900A83BDC /* Argo.framework in Frameworks */ = {isa = PBXBuildFile; fileRef = EAB0046B1A64A02900A83BDC /* Argo.framework */; };
		EAD02F4F1A68889600F27F96 /* Runes.framework in Frameworks */ = {isa = PBXBuildFile; fileRef = EAD02F4E1A68889600F27F96 /* Runes.framework */; };
/* End PBXBuildFile section */

/* Begin PBXContainerItemProxy section */
		EAB003ED1A64939F00A83BDC /* PBXContainerItemProxy */ = {
			isa = PBXContainerItemProxy;
			containerPortal = EAB003D71A64939F00A83BDC /* Project object */;
			proxyType = 1;
			remoteGlobalIDString = EAB003DF1A64939F00A83BDC;
			remoteInfo = Naught;
		};
		EAB0042B1A64959900A83BDC /* PBXContainerItemProxy */ = {
			isa = PBXContainerItemProxy;
			containerPortal = EAB003D71A64939F00A83BDC /* Project object */;
			proxyType = 1;
			remoteGlobalIDString = EAB0041E1A64959900A83BDC;
			remoteInfo = "Naught-Mac";
		};
/* End PBXContainerItemProxy section */

/* Begin PBXFileReference section */
		EAB003E01A64939F00A83BDC /* Naught.framework */ = {isa = PBXFileReference; explicitFileType = wrapper.framework; includeInIndex = 0; path = Naught.framework; sourceTree = BUILT_PRODUCTS_DIR; };
		EAB003E41A64939F00A83BDC /* Info.plist */ = {isa = PBXFileReference; lastKnownFileType = text.plist.xml; path = Info.plist; sourceTree = "<group>"; };
		EAB003E51A64939F00A83BDC /* Naught.h */ = {isa = PBXFileReference; lastKnownFileType = sourcecode.c.h; path = Naught.h; sourceTree = "<group>"; };
		EAB003EB1A64939F00A83BDC /* Naught-iOSTests.xctest */ = {isa = PBXFileReference; explicitFileType = wrapper.cfbundle; includeInIndex = 0; path = "Naught-iOSTests.xctest"; sourceTree = BUILT_PRODUCTS_DIR; };
		EAB003F11A64939F00A83BDC /* Info.plist */ = {isa = PBXFileReference; lastKnownFileType = text.plist.xml; path = Info.plist; sourceTree = "<group>"; };
		EAB003F21A64939F00A83BDC /* NaughtTests.swift */ = {isa = PBXFileReference; lastKnownFileType = sourcecode.swift; path = NaughtTests.swift; sourceTree = "<group>"; };
		EAB0041F1A64959900A83BDC /* Naught.framework */ = {isa = PBXFileReference; explicitFileType = wrapper.framework; includeInIndex = 0; path = Naught.framework; sourceTree = BUILT_PRODUCTS_DIR; };
		EAB004291A64959900A83BDC /* Naught-MacTests.xctest */ = {isa = PBXFileReference; explicitFileType = wrapper.cfbundle; includeInIndex = 0; path = "Naught-MacTests.xctest"; sourceTree = BUILT_PRODUCTS_DIR; };
		EAB0043A1A64997000A83BDC /* naught.swift */ = {isa = PBXFileReference; fileEncoding = 4; lastKnownFileType = sourcecode.swift; path = naught.swift; sourceTree = "<group>"; };
		EAB0043F1A649AB200A83BDC /* try.swift */ = {isa = PBXFileReference; fileEncoding = 4; lastKnownFileType = sourcecode.swift; path = try.swift; sourceTree = "<group>"; };
		EAB004441A649B1C00A83BDC /* NaughtModel.swift */ = {isa = PBXFileReference; fileEncoding = 4; lastKnownFileType = sourcecode.swift; path = NaughtModel.swift; sourceTree = "<group>"; };
		EAB004461A649B4400A83BDC /* User.swift */ = {isa = PBXFileReference; fileEncoding = 4; lastKnownFileType = sourcecode.swift; path = User.swift; sourceTree = "<group>"; };
		EAB004501A649D9F00A83BDC /* JSONFileReader.swift */ = {isa = PBXFileReference; fileEncoding = 4; lastKnownFileType = sourcecode.swift; path = JSONFileReader.swift; sourceTree = "<group>"; };
		EAB004521A649DBD00A83BDC /* types.json */ = {isa = PBXFileReference; fileEncoding = 4; lastKnownFileType = text.json; path = types.json; sourceTree = "<group>"; };
		EAB004671A64A00900A83BDC /* Argo.framework */ = {isa = PBXFileReference; lastKnownFileType = wrapper.framework; name = Argo.framework; path = "Carthage/Checkouts/Argo/build/Debug-iphoneos/Argo.framework"; sourceTree = "<group>"; };
		EAB0046B1A64A02900A83BDC /* Argo.framework */ = {isa = PBXFileReference; lastKnownFileType = wrapper.framework; name = Argo.framework; path = Carthage/Checkouts/Argo/build/Debug/Argo.framework; sourceTree = "<group>"; };
		EAD02F4E1A68889600F27F96 /* Runes.framework */ = {isa = PBXFileReference; lastKnownFileType = wrapper.framework; name = Runes.framework; path = Carthage/Checkouts/Runes/build/Debug/Runes.framework; sourceTree = "<group>"; };
/* End PBXFileReference section */

/* Begin PBXFrameworksBuildPhase section */
		EAB003DC1A64939F00A83BDC /* Frameworks */ = {
			isa = PBXFrameworksBuildPhase;
			buildActionMask = 2147483647;
			files = (
				EAB004681A64A00900A83BDC /* Argo.framework in Frameworks */,
			);
			runOnlyForDeploymentPostprocessing = 0;
		};
		EAB003E81A64939F00A83BDC /* Frameworks */ = {
			isa = PBXFrameworksBuildPhase;
			buildActionMask = 2147483647;
			files = (
				EAB003EC1A64939F00A83BDC /* Naught.framework in Frameworks */,
			);
			runOnlyForDeploymentPostprocessing = 0;
		};
		EAB0041B1A64959900A83BDC /* Frameworks */ = {
			isa = PBXFrameworksBuildPhase;
			buildActionMask = 2147483647;
			files = (
				EAD02F4F1A68889600F27F96 /* Runes.framework in Frameworks */,
				EAB0046C1A64A02900A83BDC /* Argo.framework in Frameworks */,
			);
			runOnlyForDeploymentPostprocessing = 0;
		};
		EAB004261A64959900A83BDC /* Frameworks */ = {
			isa = PBXFrameworksBuildPhase;
			buildActionMask = 2147483647;
			files = (
				EAB0042A1A64959900A83BDC /* Naught.framework in Frameworks */,
			);
			runOnlyForDeploymentPostprocessing = 0;
		};
/* End PBXFrameworksBuildPhase section */

/* Begin PBXGroup section */
		EAB003D61A64939F00A83BDC = {
			isa = PBXGroup;
			children = (
				EAB003E21A64939F00A83BDC /* Source */,
				EAB003EF1A64939F00A83BDC /* NaughtTests */,
				EAB0046A1A64A01C00A83BDC /* Frameworks */,
				EAB003E11A64939F00A83BDC /* Products */,
			);
			indentWidth = 2;
			sourceTree = "<group>";
			tabWidth = 2;
			usesTabs = 0;
		};
		EAB003E11A64939F00A83BDC /* Products */ = {
			isa = PBXGroup;
			children = (
				EAB003E01A64939F00A83BDC /* Naught.framework */,
				EAB003EB1A64939F00A83BDC /* Naught-iOSTests.xctest */,
				EAB0041F1A64959900A83BDC /* Naught.framework */,
				EAB004291A64959900A83BDC /* Naught-MacTests.xctest */,
			);
			name = Products;
			sourceTree = "<group>";
		};
		EAB003E21A64939F00A83BDC /* Source */ = {
			isa = PBXGroup;
			children = (
				EAB0043A1A64997000A83BDC /* naught.swift */,
				EAB0043F1A649AB200A83BDC /* try.swift */,
				EAB003E31A64939F00A83BDC /* Supporting Files */,
			);
			path = Source;
			sourceTree = "<group>";
		};
		EAB003E31A64939F00A83BDC /* Supporting Files */ = {
			isa = PBXGroup;
			children = (
				EAB003E51A64939F00A83BDC /* Naught.h */,
				EAB003E41A64939F00A83BDC /* Info.plist */,
			);
			name = "Supporting Files";
			sourceTree = "<group>";
		};
		EAB003EF1A64939F00A83BDC /* NaughtTests */ = {
			isa = PBXGroup;
			children = (
				EAB003F21A64939F00A83BDC /* NaughtTests.swift */,
				EAB004441A649B1C00A83BDC /* NaughtModel.swift */,
				EAB004461A649B4400A83BDC /* User.swift */,
				EAB004501A649D9F00A83BDC /* JSONFileReader.swift */,
				EAB004521A649DBD00A83BDC /* types.json */,
				EAB003F01A64939F00A83BDC /* Supporting Files */,
			);
			path = NaughtTests;
			sourceTree = "<group>";
		};
		EAB003F01A64939F00A83BDC /* Supporting Files */ = {
			isa = PBXGroup;
			children = (
				EAB003F11A64939F00A83BDC /* Info.plist */,
			);
			name = "Supporting Files";
			sourceTree = "<group>";
		};
		EAB0046A1A64A01C00A83BDC /* Frameworks */ = {
			isa = PBXGroup;
			children = (
				EAD02F4E1A68889600F27F96 /* Runes.framework */,
				EAB0046B1A64A02900A83BDC /* Argo.framework */,
				EAB004671A64A00900A83BDC /* Argo.framework */,
			);
			name = Frameworks;
			sourceTree = "<group>";
		};
/* End PBXGroup section */

/* Begin PBXHeadersBuildPhase section */
		EAB003DD1A64939F00A83BDC /* Headers */ = {
			isa = PBXHeadersBuildPhase;
			buildActionMask = 2147483647;
			files = (
				EAB003E61A64939F00A83BDC /* Naught.h in Headers */,
			);
			runOnlyForDeploymentPostprocessing = 0;
		};
		EAB0041C1A64959900A83BDC /* Headers */ = {
			isa = PBXHeadersBuildPhase;
			buildActionMask = 2147483647;
			files = (
			);
			runOnlyForDeploymentPostprocessing = 0;
		};
/* End PBXHeadersBuildPhase section */

/* Begin PBXNativeTarget section */
		EAB003DF1A64939F00A83BDC /* Naught-iOS */ = {
			isa = PBXNativeTarget;
			buildConfigurationList = EAB003F61A64939F00A83BDC /* Build configuration list for PBXNativeTarget "Naught-iOS" */;
			buildPhases = (
				EAB003DB1A64939F00A83BDC /* Sources */,
				EAB003DC1A64939F00A83BDC /* Frameworks */,
				EAB003DD1A64939F00A83BDC /* Headers */,
				EAB003DE1A64939F00A83BDC /* Resources */,
				1C8A6C2E72DB7DBA3E4276F9 /* Warn for TODO and FIXME comments */,
			);
			buildRules = (
			);
			dependencies = (
			);
			name = "Naught-iOS";
			productName = Naught;
			productReference = EAB003E01A64939F00A83BDC /* Naught.framework */;
			productType = "com.apple.product-type.framework";
		};
		EAB003EA1A64939F00A83BDC /* Naught-iOSTests */ = {
			isa = PBXNativeTarget;
			buildConfigurationList = EAB003F91A64939F00A83BDC /* Build configuration list for PBXNativeTarget "Naught-iOSTests" */;
			buildPhases = (
				EAB003E71A64939F00A83BDC /* Sources */,
				EAB003E81A64939F00A83BDC /* Frameworks */,
				EAB003E91A64939F00A83BDC /* Resources */,
			);
			buildRules = (
			);
			dependencies = (
				EAB003EE1A64939F00A83BDC /* PBXTargetDependency */,
			);
			name = "Naught-iOSTests";
			productName = NaughtTests;
			productReference = EAB003EB1A64939F00A83BDC /* Naught-iOSTests.xctest */;
			productType = "com.apple.product-type.bundle.unit-test";
		};
		EAB0041E1A64959900A83BDC /* Naught-Mac */ = {
			isa = PBXNativeTarget;
			buildConfigurationList = EAB004321A64959900A83BDC /* Build configuration list for PBXNativeTarget "Naught-Mac" */;
			buildPhases = (
				EAB0041A1A64959900A83BDC /* Sources */,
				EAB0041B1A64959900A83BDC /* Frameworks */,
				EAB0041C1A64959900A83BDC /* Headers */,
				EAB0041D1A64959900A83BDC /* Resources */,
				C35A10D4373599C760AD0230 /* Warn for TODO and FIXME comments */,
			);
			buildRules = (
			);
			dependencies = (
			);
			name = "Naught-Mac";
			productName = "Naught-Mac";
			productReference = EAB0041F1A64959900A83BDC /* Naught.framework */;
			productType = "com.apple.product-type.framework";
		};
		EAB004281A64959900A83BDC /* Naught-MacTests */ = {
			isa = PBXNativeTarget;
			buildConfigurationList = EAB004351A64959900A83BDC /* Build configuration list for PBXNativeTarget "Naught-MacTests" */;
			buildPhases = (
				EAB004251A64959900A83BDC /* Sources */,
				EAB004261A64959900A83BDC /* Frameworks */,
				EAB004271A64959900A83BDC /* Resources */,
			);
			buildRules = (
			);
			dependencies = (
				EAB0042C1A64959900A83BDC /* PBXTargetDependency */,
			);
			name = "Naught-MacTests";
			productName = "Naught-MacTests";
			productReference = EAB004291A64959900A83BDC /* Naught-MacTests.xctest */;
			productType = "com.apple.product-type.bundle.unit-test";
		};
/* End PBXNativeTarget section */

/* Begin PBXProject section */
		EAB003D71A64939F00A83BDC /* Project object */ = {
			isa = PBXProject;
			attributes = {
				LastUpgradeCheck = 0620;
				ORGANIZATIONNAME = thoughtbot;
				TargetAttributes = {
					EAB003DF1A64939F00A83BDC = {
						CreatedOnToolsVersion = 6.2;
					};
					EAB003EA1A64939F00A83BDC = {
						CreatedOnToolsVersion = 6.2;
					};
					EAB0041E1A64959900A83BDC = {
						CreatedOnToolsVersion = 6.2;
					};
					EAB004281A64959900A83BDC = {
						CreatedOnToolsVersion = 6.2;
					};
				};
			};
			buildConfigurationList = EAB003DA1A64939F00A83BDC /* Build configuration list for PBXProject "Naught" */;
			compatibilityVersion = "Xcode 3.2";
			developmentRegion = English;
			hasScannedForEncodings = 0;
			knownRegions = (
				en,
			);
			mainGroup = EAB003D61A64939F00A83BDC;
			productRefGroup = EAB003E11A64939F00A83BDC /* Products */;
			projectDirPath = "";
			projectRoot = "";
			targets = (
				EAB003DF1A64939F00A83BDC /* Naught-iOS */,
				EAB003EA1A64939F00A83BDC /* Naught-iOSTests */,
				EAB0041E1A64959900A83BDC /* Naught-Mac */,
				EAB004281A64959900A83BDC /* Naught-MacTests */,
			);
		};
/* End PBXProject section */

/* Begin PBXResourcesBuildPhase section */
		EAB003DE1A64939F00A83BDC /* Resources */ = {
			isa = PBXResourcesBuildPhase;
			buildActionMask = 2147483647;
			files = (
			);
			runOnlyForDeploymentPostprocessing = 0;
		};
		EAB003E91A64939F00A83BDC /* Resources */ = {
			isa = PBXResourcesBuildPhase;
			buildActionMask = 2147483647;
			files = (
				EAB004541A649DCE00A83BDC /* types.json in Resources */,
			);
			runOnlyForDeploymentPostprocessing = 0;
		};
		EAB0041D1A64959900A83BDC /* Resources */ = {
			isa = PBXResourcesBuildPhase;
			buildActionMask = 2147483647;
			files = (
			);
			runOnlyForDeploymentPostprocessing = 0;
		};
		EAB004271A64959900A83BDC /* Resources */ = {
			isa = PBXResourcesBuildPhase;
			buildActionMask = 2147483647;
			files = (
				EAB004551A649DCE00A83BDC /* types.json in Resources */,
			);
			runOnlyForDeploymentPostprocessing = 0;
		};
/* End PBXResourcesBuildPhase section */

/* Begin PBXShellScriptBuildPhase section */
		1C8A6C2E72DB7DBA3E4276F9 /* Warn for TODO and FIXME comments */ = {
			isa = PBXShellScriptBuildPhase;
			buildActionMask = 2147483647;
			files = (
			);
			inputPaths = (
			);
			name = "Warn for TODO and FIXME comments";
			outputPaths = (
			);
			runOnlyForDeploymentPostprocessing = 0;
			shellPath = /bin/sh;
			shellScript = "KEYWORDS=\"TODO:|FIXME:|\\?\\?\\?:|\\!\\!\\!:\"\nFILE_EXTENSIONS=\"h|m|mm|c|cpp\"\nfind -E \"${SRCROOT}\" -ipath \"${SRCROOT}/pods\" -prune -o \\( -regex \".*\\.($FILE_EXTENSIONS)$\" \\) -print0 | xargs -0 egrep --with-filename --line-number --only-matching \"($KEYWORDS).*\\$\" | perl -p -e \"s/($KEYWORDS)/ warning: \\$1/\"\n";
		};
		C35A10D4373599C760AD0230 /* Warn for TODO and FIXME comments */ = {
			isa = PBXShellScriptBuildPhase;
			buildActionMask = 2147483647;
			files = (
			);
			inputPaths = (
			);
			name = "Warn for TODO and FIXME comments";
			outputPaths = (
			);
			runOnlyForDeploymentPostprocessing = 0;
			shellPath = /bin/sh;
			shellScript = "KEYWORDS=\"TODO:|FIXME:|\\?\\?\\?:|\\!\\!\\!:\"\nFILE_EXTENSIONS=\"h|m|mm|c|cpp\"\nfind -E \"${SRCROOT}\" -ipath \"${SRCROOT}/pods\" -prune -o \\( -regex \".*\\.($FILE_EXTENSIONS)$\" \\) -print0 | xargs -0 egrep --with-filename --line-number --only-matching \"($KEYWORDS).*\\$\" | perl -p -e \"s/($KEYWORDS)/ warning: \\$1/\"\n";
		};
/* End PBXShellScriptBuildPhase section */

/* Begin PBXSourcesBuildPhase section */
		EAB003DB1A64939F00A83BDC /* Sources */ = {
			isa = PBXSourcesBuildPhase;
			buildActionMask = 2147483647;
			files = (
				EAB0043B1A64997000A83BDC /* naught.swift in Sources */,
				EAB004401A649AB200A83BDC /* try.swift in Sources */,
			);
			runOnlyForDeploymentPostprocessing = 0;
		};
		EAB003E71A64939F00A83BDC /* Sources */ = {
			isa = PBXSourcesBuildPhase;
			buildActionMask = 2147483647;
			files = (
				EAB004561A649DD200A83BDC /* JSONFileReader.swift in Sources */,
				EAB004481A649B6700A83BDC /* User.swift in Sources */,
				EAB0044B1A649B6D00A83BDC /* NaughtModel.swift in Sources */,
				EAB003F31A64939F00A83BDC /* NaughtTests.swift in Sources */,
			);
			runOnlyForDeploymentPostprocessing = 0;
		};
		EAB0041A1A64959900A83BDC /* Sources */ = {
			isa = PBXSourcesBuildPhase;
			buildActionMask = 2147483647;
			files = (
				EAB004421A649AE000A83BDC /* naught.swift in Sources */,
				EAB004431A649AE300A83BDC /* try.swift in Sources */,
			);
			runOnlyForDeploymentPostprocessing = 0;
		};
		EAB004251A64959900A83BDC /* Sources */ = {
			isa = PBXSourcesBuildPhase;
			buildActionMask = 2147483647;
			files = (
				EAB004571A649DD300A83BDC /* JSONFileReader.swift in Sources */,
				EAB004491A649B6800A83BDC /* User.swift in Sources */,
				EAB0044A1A649B6D00A83BDC /* NaughtModel.swift in Sources */,
				EAB004411A649ADB00A83BDC /* NaughtTests.swift in Sources */,
			);
			runOnlyForDeploymentPostprocessing = 0;
		};
/* End PBXSourcesBuildPhase section */

/* Begin PBXTargetDependency section */
		EAB003EE1A64939F00A83BDC /* PBXTargetDependency */ = {
			isa = PBXTargetDependency;
			target = EAB003DF1A64939F00A83BDC /* Naught-iOS */;
			targetProxy = EAB003ED1A64939F00A83BDC /* PBXContainerItemProxy */;
		};
		EAB0042C1A64959900A83BDC /* PBXTargetDependency */ = {
			isa = PBXTargetDependency;
			target = EAB0041E1A64959900A83BDC /* Naught-Mac */;
			targetProxy = EAB0042B1A64959900A83BDC /* PBXContainerItemProxy */;
		};
/* End PBXTargetDependency section */

/* Begin XCBuildConfiguration section */
		EAB003F41A64939F00A83BDC /* Debug */ = {
			isa = XCBuildConfiguration;
			buildSettings = {
				ALWAYS_SEARCH_USER_PATHS = NO;
				CLANG_CXX_LANGUAGE_STANDARD = "gnu++0x";
				CLANG_CXX_LIBRARY = "libc++";
				CLANG_ENABLE_MODULES = YES;
				CLANG_ENABLE_OBJC_ARC = YES;
				CLANG_WARN_BOOL_CONVERSION = YES;
				CLANG_WARN_CONSTANT_CONVERSION = YES;
				CLANG_WARN_DEPRECATED_OBJC_IMPLEMENTATIONS = YES;
				CLANG_WARN_DIRECT_OBJC_ISA_USAGE = YES_ERROR;
				CLANG_WARN_EMPTY_BODY = YES;
				CLANG_WARN_ENUM_CONVERSION = YES;
				CLANG_WARN_IMPLICIT_SIGN_CONVERSION = YES;
				CLANG_WARN_INT_CONVERSION = YES;
				CLANG_WARN_OBJC_IMPLICIT_RETAIN_SELF = YES;
				CLANG_WARN_OBJC_ROOT_CLASS = YES_ERROR;
				CLANG_WARN_SUSPICIOUS_IMPLICIT_CONVERSION = YES;
				CLANG_WARN_UNREACHABLE_CODE = YES;
				CLANG_WARN__DUPLICATE_METHOD_MATCH = YES;
				"CODE_SIGN_IDENTITY[sdk=iphoneos*]" = "iPhone Developer";
				COPY_PHASE_STRIP = NO;
				CURRENT_PROJECT_VERSION = 1;
				ENABLE_STRICT_OBJC_MSGSEND = YES;
				GCC_C_LANGUAGE_STANDARD = gnu99;
				GCC_DYNAMIC_NO_PIC = NO;
				GCC_OPTIMIZATION_LEVEL = 0;
				GCC_PREPROCESSOR_DEFINITIONS = (
					"DEBUG=1",
					"$(inherited)",
				);
				GCC_SYMBOLS_PRIVATE_EXTERN = NO;
				GCC_WARN_64_TO_32_BIT_CONVERSION = YES;
				GCC_WARN_ABOUT_DEPRECATED_FUNCTIONS = YES;
				GCC_WARN_ABOUT_MISSING_FIELD_INITIALIZERS = YES;
				GCC_WARN_ABOUT_MISSING_NEWLINE = YES;
				GCC_WARN_ABOUT_RETURN_TYPE = YES;
				GCC_WARN_CHECK_SWITCH_STATEMENTS = YES;
				GCC_WARN_INITIALIZER_NOT_FULLY_BRACKETED = YES;
				GCC_WARN_MISSING_PARENTHESES = YES;
				GCC_WARN_SHADOW = YES;
				GCC_WARN_SIGN_COMPARE = YES;
				GCC_WARN_TYPECHECK_CALLS_TO_PRINTF = YES;
				GCC_WARN_UNDECLARED_SELECTOR = YES;
				GCC_WARN_UNINITIALIZED_AUTOS = YES_AGGRESSIVE;
				GCC_WARN_UNUSED_FUNCTION = YES;
				GCC_WARN_UNUSED_LABEL = YES;
				GCC_WARN_UNUSED_VALUE = YES;
				GCC_WARN_UNUSED_VARIABLE = YES;
				IPHONEOS_DEPLOYMENT_TARGET = 8.2;
				MTL_ENABLE_DEBUG_INFO = YES;
				ONLY_ACTIVE_ARCH = YES;
				RUN_CLANG_STATIC_ANALYZER = YES;
				SDKROOT = iphoneos;
				SWIFT_OPTIMIZATION_LEVEL = "-Onone";
				TARGETED_DEVICE_FAMILY = "1,2";
				VERSIONING_SYSTEM = "apple-generic";
				VERSION_INFO_PREFIX = "";
			};
			name = Debug;
		};
		EAB003F51A64939F00A83BDC /* Release */ = {
			isa = XCBuildConfiguration;
			buildSettings = {
				ALWAYS_SEARCH_USER_PATHS = NO;
				CLANG_CXX_LANGUAGE_STANDARD = "gnu++0x";
				CLANG_CXX_LIBRARY = "libc++";
				CLANG_ENABLE_MODULES = YES;
				CLANG_ENABLE_OBJC_ARC = YES;
				CLANG_WARN_BOOL_CONVERSION = YES;
				CLANG_WARN_CONSTANT_CONVERSION = YES;
				CLANG_WARN_DEPRECATED_OBJC_IMPLEMENTATIONS = YES;
				CLANG_WARN_DIRECT_OBJC_ISA_USAGE = YES_ERROR;
				CLANG_WARN_EMPTY_BODY = YES;
				CLANG_WARN_ENUM_CONVERSION = YES;
				CLANG_WARN_IMPLICIT_SIGN_CONVERSION = YES;
				CLANG_WARN_INT_CONVERSION = YES;
				CLANG_WARN_OBJC_IMPLICIT_RETAIN_SELF = YES;
				CLANG_WARN_OBJC_ROOT_CLASS = YES_ERROR;
				CLANG_WARN_SUSPICIOUS_IMPLICIT_CONVERSION = YES;
				CLANG_WARN_UNREACHABLE_CODE = YES;
				CLANG_WARN__DUPLICATE_METHOD_MATCH = YES;
				"CODE_SIGN_IDENTITY[sdk=iphoneos*]" = "iPhone Developer";
				COPY_PHASE_STRIP = NO;
				CURRENT_PROJECT_VERSION = 1;
				ENABLE_NS_ASSERTIONS = NO;
				ENABLE_STRICT_OBJC_MSGSEND = YES;
				GCC_C_LANGUAGE_STANDARD = gnu99;
				GCC_WARN_64_TO_32_BIT_CONVERSION = YES;
				GCC_WARN_ABOUT_DEPRECATED_FUNCTIONS = YES;
				GCC_WARN_ABOUT_MISSING_FIELD_INITIALIZERS = YES;
				GCC_WARN_ABOUT_MISSING_NEWLINE = YES;
				GCC_WARN_ABOUT_RETURN_TYPE = YES;
				GCC_WARN_CHECK_SWITCH_STATEMENTS = YES;
				GCC_WARN_INITIALIZER_NOT_FULLY_BRACKETED = YES;
				GCC_WARN_MISSING_PARENTHESES = YES;
				GCC_WARN_SHADOW = YES;
				GCC_WARN_SIGN_COMPARE = YES;
				GCC_WARN_TYPECHECK_CALLS_TO_PRINTF = YES;
				GCC_WARN_UNDECLARED_SELECTOR = YES;
				GCC_WARN_UNINITIALIZED_AUTOS = YES_AGGRESSIVE;
				GCC_WARN_UNUSED_FUNCTION = YES;
				GCC_WARN_UNUSED_LABEL = YES;
				GCC_WARN_UNUSED_VALUE = YES;
				GCC_WARN_UNUSED_VARIABLE = YES;
				IPHONEOS_DEPLOYMENT_TARGET = 8.2;
				MTL_ENABLE_DEBUG_INFO = NO;
				RUN_CLANG_STATIC_ANALYZER = YES;
				SDKROOT = iphoneos;
				TARGETED_DEVICE_FAMILY = "1,2";
				VALIDATE_PRODUCT = YES;
				VERSIONING_SYSTEM = "apple-generic";
				VERSION_INFO_PREFIX = "";
			};
			name = Release;
		};
		EAB003F71A64939F00A83BDC /* Debug */ = {
			isa = XCBuildConfiguration;
			buildSettings = {
				CLANG_ENABLE_MODULES = YES;
				DEFINES_MODULE = YES;
				DYLIB_COMPATIBILITY_VERSION = 1;
				DYLIB_CURRENT_VERSION = 1;
				DYLIB_INSTALL_NAME_BASE = "@rpath";
				INFOPLIST_FILE = Source/Info.plist;
				INSTALL_PATH = "$(LOCAL_LIBRARY_DIR)/Frameworks";
				LD_RUNPATH_SEARCH_PATHS = "$(inherited) @executable_path/Frameworks @loader_path/Frameworks";
				PRODUCT_NAME = Naught;
				SKIP_INSTALL = YES;
				SWIFT_OPTIMIZATION_LEVEL = "-Onone";
			};
			name = Debug;
		};
		EAB003F81A64939F00A83BDC /* Release */ = {
			isa = XCBuildConfiguration;
			buildSettings = {
				CLANG_ENABLE_MODULES = YES;
				DEFINES_MODULE = YES;
				DYLIB_COMPATIBILITY_VERSION = 1;
				DYLIB_CURRENT_VERSION = 1;
				DYLIB_INSTALL_NAME_BASE = "@rpath";
				GCC_TREAT_WARNINGS_AS_ERRORS = YES;
				INFOPLIST_FILE = Source/Info.plist;
				INSTALL_PATH = "$(LOCAL_LIBRARY_DIR)/Frameworks";
				LD_RUNPATH_SEARCH_PATHS = "$(inherited) @executable_path/Frameworks @loader_path/Frameworks";
				PRODUCT_NAME = Naught;
				SKIP_INSTALL = YES;
			};
			name = Release;
		};
		EAB003FA1A64939F00A83BDC /* Debug */ = {
			isa = XCBuildConfiguration;
			buildSettings = {
				FRAMEWORK_SEARCH_PATHS = (
					"$(SDKROOT)/Developer/Library/Frameworks",
					"$(inherited)",
					"$(PROJECT_DIR)/Carthage/Build/iOS",
				);
				GCC_PREPROCESSOR_DEFINITIONS = (
					"DEBUG=1",
					"$(inherited)",
				);
				INFOPLIST_FILE = NaughtTests/Info.plist;
				LD_RUNPATH_SEARCH_PATHS = "$(inherited) @executable_path/Frameworks @loader_path/Frameworks";
				PRODUCT_NAME = "$(TARGET_NAME)";
			};
			name = Debug;
		};
		EAB003FB1A64939F00A83BDC /* Release */ = {
			isa = XCBuildConfiguration;
			buildSettings = {
				FRAMEWORK_SEARCH_PATHS = (
					"$(SDKROOT)/Developer/Library/Frameworks",
					"$(inherited)",
					"$(PROJECT_DIR)/Carthage/Build/iOS",
				);
				INFOPLIST_FILE = NaughtTests/Info.plist;
				LD_RUNPATH_SEARCH_PATHS = "$(inherited) @executable_path/Frameworks @loader_path/Frameworks";
				PRODUCT_NAME = "$(TARGET_NAME)";
			};
			name = Release;
		};
		EAB004331A64959900A83BDC /* Debug */ = {
			isa = XCBuildConfiguration;
			buildSettings = {
				COMBINE_HIDPI_IMAGES = YES;
				DEFINES_MODULE = YES;
				DYLIB_COMPATIBILITY_VERSION = 1;
				DYLIB_CURRENT_VERSION = 1;
				DYLIB_INSTALL_NAME_BASE = "@rpath";
				FRAMEWORK_VERSION = A;
				GCC_PREPROCESSOR_DEFINITIONS = (
					"DEBUG=1",
					"$(inherited)",
				);
				INFOPLIST_FILE = Source/Info.plist;
				INSTALL_PATH = "$(LOCAL_LIBRARY_DIR)/Frameworks";
				LD_RUNPATH_SEARCH_PATHS = "$(inherited) @executable_path/../Frameworks @loader_path/Frameworks";
				MACOSX_DEPLOYMENT_TARGET = 10.10;
				PRODUCT_NAME = Naught;
				SDKROOT = macosx;
				SKIP_INSTALL = YES;
			};
			name = Debug;
		};
		EAB004341A64959900A83BDC /* Release */ = {
			isa = XCBuildConfiguration;
			buildSettings = {
				COMBINE_HIDPI_IMAGES = YES;
				DEBUG_INFORMATION_FORMAT = "dwarf-with-dsym";
				DEFINES_MODULE = YES;
				DYLIB_COMPATIBILITY_VERSION = 1;
				DYLIB_CURRENT_VERSION = 1;
				DYLIB_INSTALL_NAME_BASE = "@rpath";
				FRAMEWORK_VERSION = A;
				GCC_TREAT_WARNINGS_AS_ERRORS = YES;
				INFOPLIST_FILE = Source/Info.plist;
				INSTALL_PATH = "$(LOCAL_LIBRARY_DIR)/Frameworks";
				LD_RUNPATH_SEARCH_PATHS = "$(inherited) @executable_path/../Frameworks @loader_path/Frameworks";
				MACOSX_DEPLOYMENT_TARGET = 10.10;
				PRODUCT_NAME = Naught;
				SDKROOT = macosx;
				SKIP_INSTALL = YES;
			};
			name = Release;
		};
		EAB004361A64959900A83BDC /* Debug */ = {
			isa = XCBuildConfiguration;
			buildSettings = {
				COMBINE_HIDPI_IMAGES = YES;
				FRAMEWORK_SEARCH_PATHS = (
					"$(DEVELOPER_FRAMEWORKS_DIR)",
					"$(inherited)",
					"$(PROJECT_DIR)/Carthage/Build/Mac",
				);
				GCC_PREPROCESSOR_DEFINITIONS = (
					"DEBUG=1",
					"$(inherited)",
				);
				INFOPLIST_FILE = NaughtTests/Info.plist;
				LD_RUNPATH_SEARCH_PATHS = "$(inherited) @executable_path/../Frameworks @loader_path/../Frameworks";
				MACOSX_DEPLOYMENT_TARGET = 10.10;
				PRODUCT_NAME = "$(TARGET_NAME)";
				SDKROOT = macosx;
			};
			name = Debug;
		};
		EAB004371A64959900A83BDC /* Release */ = {
			isa = XCBuildConfiguration;
			buildSettings = {
				COMBINE_HIDPI_IMAGES = YES;
				DEBUG_INFORMATION_FORMAT = "dwarf-with-dsym";
				FRAMEWORK_SEARCH_PATHS = (
					"$(DEVELOPER_FRAMEWORKS_DIR)",
					"$(inherited)",
					"$(PROJECT_DIR)/Carthage/Build/Mac",
				);
				INFOPLIST_FILE = NaughtTests/Info.plist;
				LD_RUNPATH_SEARCH_PATHS = "$(inherited) @executable_path/../Frameworks @loader_path/../Frameworks";
				MACOSX_DEPLOYMENT_TARGET = 10.10;
				PRODUCT_NAME = "$(TARGET_NAME)";
				SDKROOT = macosx;
			};
			name = Release;
		};
/* End XCBuildConfiguration section */

/* Begin XCConfigurationList section */
		EAB003DA1A64939F00A83BDC /* Build configuration list for PBXProject "Naught" */ = {
			isa = XCConfigurationList;
			buildConfigurations = (
				EAB003F41A64939F00A83BDC /* Debug */,
				EAB003F51A64939F00A83BDC /* Release */,
			);
			defaultConfigurationIsVisible = 0;
			defaultConfigurationName = Release;
		};
		EAB003F61A64939F00A83BDC /* Build configuration list for PBXNativeTarget "Naught-iOS" */ = {
			isa = XCConfigurationList;
			buildConfigurations = (
				EAB003F71A64939F00A83BDC /* Debug */,
				EAB003F81A64939F00A83BDC /* Release */,
			);
			defaultConfigurationIsVisible = 0;
			defaultConfigurationName = Release;
		};
		EAB003F91A64939F00A83BDC /* Build configuration list for PBXNativeTarget "Naught-iOSTests" */ = {
			isa = XCConfigurationList;
			buildConfigurations = (
				EAB003FA1A64939F00A83BDC /* Debug */,
				EAB003FB1A64939F00A83BDC /* Release */,
			);
			defaultConfigurationIsVisible = 0;
			defaultConfigurationName = Release;
		};
		EAB004321A64959900A83BDC /* Build configuration list for PBXNativeTarget "Naught-Mac" */ = {
			isa = XCConfigurationList;
			buildConfigurations = (
				EAB004331A64959900A83BDC /* Debug */,
				EAB004341A64959900A83BDC /* Release */,
			);
			defaultConfigurationIsVisible = 0;
			defaultConfigurationName = Release;
		};
		EAB004351A64959900A83BDC /* Build configuration list for PBXNativeTarget "Naught-MacTests" */ = {
			isa = XCConfigurationList;
			buildConfigurations = (
				EAB004361A64959900A83BDC /* Debug */,
				EAB004371A64959900A83BDC /* Release */,
			);
			defaultConfigurationIsVisible = 0;
			defaultConfigurationName = Release;
		};
/* End XCConfigurationList section */
	};
	rootObject = EAB003D71A64939F00A83BDC /* Project object */;
}
